// !$*UTF8*$!
{
	archiveVersion = 1;
	classes = {
	};
	objectVersion = 56;
	objects = {

/* Begin PBXBuildFile section */
		87635EB42C1E86A6000FA354 /* StepEntity+CoreDataClass.swift in Sources */ = {isa = PBXBuildFile; fileRef = 87635EAA2C1E86A6000FA354 /* StepEntity+CoreDataClass.swift */; };
		87635EB52C1E86A6000FA354 /* StepEntity+CoreDataProperties.swift in Sources */ = {isa = PBXBuildFile; fileRef = 87635EAB2C1E86A6000FA354 /* StepEntity+CoreDataProperties.swift */; };
		87635EB82C1E86A6000FA354 /* LatLongEntity+CoreDataClass.swift in Sources */ = {isa = PBXBuildFile; fileRef = 87635EAE2C1E86A6000FA354 /* LatLongEntity+CoreDataClass.swift */; };
		87635EB92C1E86A6000FA354 /* LatLongEntity+CoreDataProperties.swift in Sources */ = {isa = PBXBuildFile; fileRef = 87635EAF2C1E86A6000FA354 /* LatLongEntity+CoreDataProperties.swift */; };
		87635EBA2C1E86A6000FA354 /* TripEntity+CoreDataClass.swift in Sources */ = {isa = PBXBuildFile; fileRef = 87635EB02C1E86A6000FA354 /* TripEntity+CoreDataClass.swift */; };
		87635EBB2C1E86A6000FA354 /* TripEntity+CoreDataProperties.swift in Sources */ = {isa = PBXBuildFile; fileRef = 87635EB12C1E86A6000FA354 /* TripEntity+CoreDataProperties.swift */; };
		87635EBC2C1E86A6000FA354 /* RouteEntity+CoreDataClass.swift in Sources */ = {isa = PBXBuildFile; fileRef = 87635EB22C1E86A6000FA354 /* RouteEntity+CoreDataClass.swift */; };
		87635EBD2C1E86A6000FA354 /* RouteEntity+CoreDataProperties.swift in Sources */ = {isa = PBXBuildFile; fileRef = 87635EB32C1E86A6000FA354 /* RouteEntity+CoreDataProperties.swift */; };
		87635EC12C1E8BD2000FA354 /* TripModel+CoreData.swift in Sources */ = {isa = PBXBuildFile; fileRef = 87635EC02C1E8BD2000FA354 /* TripModel+CoreData.swift */; };
		87635EC82C1E8DC6000FA354 /* TravelDetailsEntity+CoreDataClass.swift in Sources */ = {isa = PBXBuildFile; fileRef = 87635EC62C1E8DC6000FA354 /* TravelDetailsEntity+CoreDataClass.swift */; };
		87635EC92C1E8DC6000FA354 /* TravelDetailsEntity+CoreDataProperties.swift in Sources */ = {isa = PBXBuildFile; fileRef = 87635EC72C1E8DC6000FA354 /* TravelDetailsEntity+CoreDataProperties.swift */; };
		87635ECB2C1E9339000FA354 /* CoreDataStack.swift in Sources */ = {isa = PBXBuildFile; fileRef = 87635ECA2C1E9339000FA354 /* CoreDataStack.swift */; };
		87635ECE2C1EA6D6000FA354 /* LegDetailsViewController.swift in Sources */ = {isa = PBXBuildFile; fileRef = 87635ECD2C1EA6D6000FA354 /* LegDetailsViewController.swift */; };
		87635ED02C1EA7C4000FA354 /* LegDetailsViewModel.swift in Sources */ = {isa = PBXBuildFile; fileRef = 87635ECF2C1EA7C4000FA354 /* LegDetailsViewModel.swift */; };
		87635ED22C1EAA8C000FA354 /* LegDetailsCoordinator.swift in Sources */ = {isa = PBXBuildFile; fileRef = 87635ED12C1EAA8C000FA354 /* LegDetailsCoordinator.swift */; };
		87CE4CEB2C110F6A00A3CF63 /* AppDelegate.swift in Sources */ = {isa = PBXBuildFile; fileRef = 87CE4CEA2C110F6A00A3CF63 /* AppDelegate.swift */; };
		87CE4CED2C110F6A00A3CF63 /* SceneDelegate.swift in Sources */ = {isa = PBXBuildFile; fileRef = 87CE4CEC2C110F6A00A3CF63 /* SceneDelegate.swift */; };
		87CE4CEF2C110F6A00A3CF63 /* ViewController.swift in Sources */ = {isa = PBXBuildFile; fileRef = 87CE4CEE2C110F6A00A3CF63 /* ViewController.swift */; };
		87CE4CF22C110F6A00A3CF63 /* Main.storyboard in Resources */ = {isa = PBXBuildFile; fileRef = 87CE4CF02C110F6A00A3CF63 /* Main.storyboard */; };
		87CE4CF52C110F6A00A3CF63 /* MyRoadTrip.xcdatamodeld in Sources */ = {isa = PBXBuildFile; fileRef = 87CE4CF32C110F6A00A3CF63 /* MyRoadTrip.xcdatamodeld */; };
		87CE4CF72C110F6C00A3CF63 /* Assets.xcassets in Resources */ = {isa = PBXBuildFile; fileRef = 87CE4CF62C110F6C00A3CF63 /* Assets.xcassets */; };
		87CE4CFA2C110F6C00A3CF63 /* LaunchScreen.storyboard in Resources */ = {isa = PBXBuildFile; fileRef = 87CE4CF82C110F6C00A3CF63 /* LaunchScreen.storyboard */; };
		87CE4D052C110F6C00A3CF63 /* MyRoadTripTests.swift in Sources */ = {isa = PBXBuildFile; fileRef = 87CE4D042C110F6C00A3CF63 /* MyRoadTripTests.swift */; };
		87CE4D0F2C110F6C00A3CF63 /* MyRoadTripUITests.swift in Sources */ = {isa = PBXBuildFile; fileRef = 87CE4D0E2C110F6C00A3CF63 /* MyRoadTripUITests.swift */; };
		87CE4D112C110F6C00A3CF63 /* MyRoadTripUITestsLaunchTests.swift in Sources */ = {isa = PBXBuildFile; fileRef = 87CE4D102C110F6C00A3CF63 /* MyRoadTripUITestsLaunchTests.swift */; };
		87CE4D212C11198E00A3CF63 /* OpenAIServices.swift in Sources */ = {isa = PBXBuildFile; fileRef = 87CE4D202C11198E00A3CF63 /* OpenAIServices.swift */; };
		87CE4D302C151BCA00A3CF63 /* GoogleRoutesServices.swift in Sources */ = {isa = PBXBuildFile; fileRef = 87CE4D2F2C151BCA00A3CF63 /* GoogleRoutesServices.swift */; };
		87CE4D332C15CF5800A3CF63 /* StringUtils.swift in Sources */ = {isa = PBXBuildFile; fileRef = 87CE4D322C15CF5800A3CF63 /* StringUtils.swift */; };
		87CE4D362C164D1C00A3CF63 /* GooglePlacesServices.swift in Sources */ = {isa = PBXBuildFile; fileRef = 87CE4D352C164D1C00A3CF63 /* GooglePlacesServices.swift */; };
		87CE4D382C165AD300A3CF63 /* client_903324826609-pf3h5v2u958ge1ltthl2qjv0tf2779ko.apps.googleusercontent.com.plist in Resources */ = {isa = PBXBuildFile; fileRef = 87CE4D372C165AD300A3CF63 /* client_903324826609-pf3h5v2u958ge1ltthl2qjv0tf2779ko.apps.googleusercontent.com.plist */; };
		87CE4D3F2C17A77B00A3CF63 /* WellcomeViewController.swift in Sources */ = {isa = PBXBuildFile; fileRef = 87CE4D3E2C17A77B00A3CF63 /* WellcomeViewController.swift */; };
		87CE4D412C17A7BF00A3CF63 /* Atoms.swift in Sources */ = {isa = PBXBuildFile; fileRef = 87CE4D402C17A7BF00A3CF63 /* Atoms.swift */; };
		87CE4D442C17AA5800A3CF63 /* UIColorUtils.swift in Sources */ = {isa = PBXBuildFile; fileRef = 87CE4D432C17AA5800A3CF63 /* UIColorUtils.swift */; };
		87CE4D8A2C17AEF700A3CF63 /* Montserrat-Bold.ttf in Resources */ = {isa = PBXBuildFile; fileRef = 87CE4D522C17AEF700A3CF63 /* Montserrat-Bold.ttf */; };
		87CE4DA72C17AEF700A3CF63 /* Poppins-SemiBold.ttf in Resources */ = {isa = PBXBuildFile; fileRef = 87CE4D702C17AEF700A3CF63 /* Poppins-SemiBold.ttf */; };
		87CE4DAC2C17AEF700A3CF63 /* Roboto-Regular.ttf in Resources */ = {isa = PBXBuildFile; fileRef = 87CE4D762C17AEF700A3CF63 /* Roboto-Regular.ttf */; };
		87CE4DB82C17B40C00A3CF63 /* FontUtils.swift in Sources */ = {isa = PBXBuildFile; fileRef = 87CE4DB72C17B40C00A3CF63 /* FontUtils.swift */; };
		87CE4DBA2C17C2BD00A3CF63 /* AppNavigationController.swift in Sources */ = {isa = PBXBuildFile; fileRef = 87CE4DB92C17C2BD00A3CF63 /* AppNavigationController.swift */; };
		87CE4DBD2C190BE400A3CF63 /* NewRouteViewController.swift in Sources */ = {isa = PBXBuildFile; fileRef = 87CE4DBC2C190BE400A3CF63 /* NewRouteViewController.swift */; };
		87CE4DBF2C190C9B00A3CF63 /* TripDetailsViewController.swift in Sources */ = {isa = PBXBuildFile; fileRef = 87CE4DBE2C190C9B00A3CF63 /* TripDetailsViewController.swift */; };
		87CE4DC12C190CFE00A3CF63 /* HistoryViewController.swift in Sources */ = {isa = PBXBuildFile; fileRef = 87CE4DC02C190CFE00A3CF63 /* HistoryViewController.swift */; };
		87CE4DC32C190D0B00A3CF63 /* AboutAppViewController.swift in Sources */ = {isa = PBXBuildFile; fileRef = 87CE4DC22C190D0B00A3CF63 /* AboutAppViewController.swift */; };
		87CE4DC62C190D7000A3CF63 /* MainTabbarController.swift in Sources */ = {isa = PBXBuildFile; fileRef = 87CE4DC52C190D7000A3CF63 /* MainTabbarController.swift */; };
		87CE4DC82C19170B00A3CF63 /* LinkTableViewCell.swift in Sources */ = {isa = PBXBuildFile; fileRef = 87CE4DC72C19170B00A3CF63 /* LinkTableViewCell.swift */; };
		87CE4DCA2C19191000A3CF63 /* TripModel.swift in Sources */ = {isa = PBXBuildFile; fileRef = 87CE4DC92C19191000A3CF63 /* TripModel.swift */; };
		87CE4DCF2C191E1000A3CF63 /* NewRouteViewModel.swift in Sources */ = {isa = PBXBuildFile; fileRef = 87CE4DCE2C191E1000A3CF63 /* NewRouteViewModel.swift */; };
		87CE4DD12C1A50A400A3CF63 /* BaseCoordinator.swift in Sources */ = {isa = PBXBuildFile; fileRef = 87CE4DD02C1A50A400A3CF63 /* BaseCoordinator.swift */; };
		87CE4DD32C1A50F400A3CF63 /* NewRouteCoordinator.swift in Sources */ = {isa = PBXBuildFile; fileRef = 87CE4DD22C1A50F400A3CF63 /* NewRouteCoordinator.swift */; };
		87CE4DD52C1A6B7E00A3CF63 /* TripDetailCardCell.swift in Sources */ = {isa = PBXBuildFile; fileRef = 87CE4DD42C1A6B7E00A3CF63 /* TripDetailCardCell.swift */; };
		87CE4DD72C1A6BCB00A3CF63 /* TripDetailsCoordinator.swift in Sources */ = {isa = PBXBuildFile; fileRef = 87CE4DD62C1A6BCB00A3CF63 /* TripDetailsCoordinator.swift */; };
		87CE4DD92C1A6CFF00A3CF63 /* TripDetailsViewModel.swift in Sources */ = {isa = PBXBuildFile; fileRef = 87CE4DD82C1A6CFF00A3CF63 /* TripDetailsViewModel.swift */; };
/* End PBXBuildFile section */

/* Begin PBXContainerItemProxy section */
		87CE4D012C110F6C00A3CF63 /* PBXContainerItemProxy */ = {
			isa = PBXContainerItemProxy;
			containerPortal = 87CE4CDF2C110F6A00A3CF63 /* Project object */;
			proxyType = 1;
			remoteGlobalIDString = 87CE4CE62C110F6A00A3CF63;
			remoteInfo = MyRoadTrip;
		};
		87CE4D0B2C110F6C00A3CF63 /* PBXContainerItemProxy */ = {
			isa = PBXContainerItemProxy;
			containerPortal = 87CE4CDF2C110F6A00A3CF63 /* Project object */;
			proxyType = 1;
			remoteGlobalIDString = 87CE4CE62C110F6A00A3CF63;
			remoteInfo = MyRoadTrip;
		};
/* End PBXContainerItemProxy section */

/* Begin PBXFileReference section */
		87635EAA2C1E86A6000FA354 /* StepEntity+CoreDataClass.swift */ = {isa = PBXFileReference; lastKnownFileType = sourcecode.swift; path = "StepEntity+CoreDataClass.swift"; sourceTree = "<group>"; };
		87635EAB2C1E86A6000FA354 /* StepEntity+CoreDataProperties.swift */ = {isa = PBXFileReference; lastKnownFileType = sourcecode.swift; path = "StepEntity+CoreDataProperties.swift"; sourceTree = "<group>"; };
		87635EAE2C1E86A6000FA354 /* LatLongEntity+CoreDataClass.swift */ = {isa = PBXFileReference; lastKnownFileType = sourcecode.swift; path = "LatLongEntity+CoreDataClass.swift"; sourceTree = "<group>"; };
		87635EAF2C1E86A6000FA354 /* LatLongEntity+CoreDataProperties.swift */ = {isa = PBXFileReference; lastKnownFileType = sourcecode.swift; path = "LatLongEntity+CoreDataProperties.swift"; sourceTree = "<group>"; };
		87635EB02C1E86A6000FA354 /* TripEntity+CoreDataClass.swift */ = {isa = PBXFileReference; lastKnownFileType = sourcecode.swift; path = "TripEntity+CoreDataClass.swift"; sourceTree = "<group>"; };
		87635EB12C1E86A6000FA354 /* TripEntity+CoreDataProperties.swift */ = {isa = PBXFileReference; lastKnownFileType = sourcecode.swift; path = "TripEntity+CoreDataProperties.swift"; sourceTree = "<group>"; };
		87635EB22C1E86A6000FA354 /* RouteEntity+CoreDataClass.swift */ = {isa = PBXFileReference; lastKnownFileType = sourcecode.swift; path = "RouteEntity+CoreDataClass.swift"; sourceTree = "<group>"; };
		87635EB32C1E86A6000FA354 /* RouteEntity+CoreDataProperties.swift */ = {isa = PBXFileReference; lastKnownFileType = sourcecode.swift; path = "RouteEntity+CoreDataProperties.swift"; sourceTree = "<group>"; };
		87635EC02C1E8BD2000FA354 /* TripModel+CoreData.swift */ = {isa = PBXFileReference; lastKnownFileType = sourcecode.swift; path = "TripModel+CoreData.swift"; sourceTree = "<group>"; };
		87635EC62C1E8DC6000FA354 /* TravelDetailsEntity+CoreDataClass.swift */ = {isa = PBXFileReference; lastKnownFileType = sourcecode.swift; path = "TravelDetailsEntity+CoreDataClass.swift"; sourceTree = "<group>"; };
		87635EC72C1E8DC6000FA354 /* TravelDetailsEntity+CoreDataProperties.swift */ = {isa = PBXFileReference; lastKnownFileType = sourcecode.swift; path = "TravelDetailsEntity+CoreDataProperties.swift"; sourceTree = "<group>"; };
		87635ECA2C1E9339000FA354 /* CoreDataStack.swift */ = {isa = PBXFileReference; lastKnownFileType = sourcecode.swift; path = CoreDataStack.swift; sourceTree = "<group>"; };
		87635ECD2C1EA6D6000FA354 /* LegDetailsViewController.swift */ = {isa = PBXFileReference; lastKnownFileType = sourcecode.swift; path = LegDetailsViewController.swift; sourceTree = "<group>"; };
		87635ECF2C1EA7C4000FA354 /* LegDetailsViewModel.swift */ = {isa = PBXFileReference; lastKnownFileType = sourcecode.swift; path = LegDetailsViewModel.swift; sourceTree = "<group>"; };
		87635ED12C1EAA8C000FA354 /* LegDetailsCoordinator.swift */ = {isa = PBXFileReference; lastKnownFileType = sourcecode.swift; path = LegDetailsCoordinator.swift; sourceTree = "<group>"; };
		87CE4CE72C110F6A00A3CF63 /* MyRoadTrip.app */ = {isa = PBXFileReference; explicitFileType = wrapper.application; includeInIndex = 0; path = MyRoadTrip.app; sourceTree = BUILT_PRODUCTS_DIR; };
		87CE4CEA2C110F6A00A3CF63 /* AppDelegate.swift */ = {isa = PBXFileReference; lastKnownFileType = sourcecode.swift; path = AppDelegate.swift; sourceTree = "<group>"; };
		87CE4CEC2C110F6A00A3CF63 /* SceneDelegate.swift */ = {isa = PBXFileReference; lastKnownFileType = sourcecode.swift; path = SceneDelegate.swift; sourceTree = "<group>"; };
		87CE4CEE2C110F6A00A3CF63 /* ViewController.swift */ = {isa = PBXFileReference; lastKnownFileType = sourcecode.swift; path = ViewController.swift; sourceTree = "<group>"; };
		87CE4CF12C110F6A00A3CF63 /* Base */ = {isa = PBXFileReference; lastKnownFileType = file.storyboard; name = Base; path = Base.lproj/Main.storyboard; sourceTree = "<group>"; };
		87CE4CF42C110F6A00A3CF63 /* MyRoadTrip.xcdatamodel */ = {isa = PBXFileReference; lastKnownFileType = wrapper.xcdatamodel; path = MyRoadTrip.xcdatamodel; sourceTree = "<group>"; };
		87CE4CF62C110F6C00A3CF63 /* Assets.xcassets */ = {isa = PBXFileReference; lastKnownFileType = folder.assetcatalog; path = Assets.xcassets; sourceTree = "<group>"; };
		87CE4CF92C110F6C00A3CF63 /* Base */ = {isa = PBXFileReference; lastKnownFileType = file.storyboard; name = Base; path = Base.lproj/LaunchScreen.storyboard; sourceTree = "<group>"; };
		87CE4D002C110F6C00A3CF63 /* MyRoadTripTests.xctest */ = {isa = PBXFileReference; explicitFileType = wrapper.cfbundle; includeInIndex = 0; path = MyRoadTripTests.xctest; sourceTree = BUILT_PRODUCTS_DIR; };
		87CE4D042C110F6C00A3CF63 /* MyRoadTripTests.swift */ = {isa = PBXFileReference; lastKnownFileType = sourcecode.swift; path = MyRoadTripTests.swift; sourceTree = "<group>"; };
		87CE4D0A2C110F6C00A3CF63 /* MyRoadTripUITests.xctest */ = {isa = PBXFileReference; explicitFileType = wrapper.cfbundle; includeInIndex = 0; path = MyRoadTripUITests.xctest; sourceTree = BUILT_PRODUCTS_DIR; };
		87CE4D0E2C110F6C00A3CF63 /* MyRoadTripUITests.swift */ = {isa = PBXFileReference; lastKnownFileType = sourcecode.swift; path = MyRoadTripUITests.swift; sourceTree = "<group>"; };
		87CE4D102C110F6C00A3CF63 /* MyRoadTripUITestsLaunchTests.swift */ = {isa = PBXFileReference; lastKnownFileType = sourcecode.swift; path = MyRoadTripUITestsLaunchTests.swift; sourceTree = "<group>"; };
		87CE4D202C11198E00A3CF63 /* OpenAIServices.swift */ = {isa = PBXFileReference; lastKnownFileType = sourcecode.swift; path = OpenAIServices.swift; sourceTree = "<group>"; };
		87CE4D2F2C151BCA00A3CF63 /* GoogleRoutesServices.swift */ = {isa = PBXFileReference; lastKnownFileType = sourcecode.swift; path = GoogleRoutesServices.swift; sourceTree = "<group>"; };
		87CE4D322C15CF5800A3CF63 /* StringUtils.swift */ = {isa = PBXFileReference; lastKnownFileType = sourcecode.swift; path = StringUtils.swift; sourceTree = "<group>"; };
		87CE4D352C164D1C00A3CF63 /* GooglePlacesServices.swift */ = {isa = PBXFileReference; lastKnownFileType = sourcecode.swift; path = GooglePlacesServices.swift; sourceTree = "<group>"; };
		87CE4D372C165AD300A3CF63 /* client_903324826609-pf3h5v2u958ge1ltthl2qjv0tf2779ko.apps.googleusercontent.com.plist */ = {isa = PBXFileReference; fileEncoding = 4; lastKnownFileType = text.plist.xml; path = "client_903324826609-pf3h5v2u958ge1ltthl2qjv0tf2779ko.apps.googleusercontent.com.plist"; sourceTree = "<group>"; };
		87CE4D3E2C17A77B00A3CF63 /* WellcomeViewController.swift */ = {isa = PBXFileReference; lastKnownFileType = sourcecode.swift; path = WellcomeViewController.swift; sourceTree = "<group>"; };
		87CE4D402C17A7BF00A3CF63 /* Atoms.swift */ = {isa = PBXFileReference; lastKnownFileType = sourcecode.swift; path = Atoms.swift; sourceTree = "<group>"; };
		87CE4D432C17AA5800A3CF63 /* UIColorUtils.swift */ = {isa = PBXFileReference; lastKnownFileType = sourcecode.swift; path = UIColorUtils.swift; sourceTree = "<group>"; };
		87CE4D522C17AEF700A3CF63 /* Montserrat-Bold.ttf */ = {isa = PBXFileReference; lastKnownFileType = file; path = "Montserrat-Bold.ttf"; sourceTree = "<group>"; };
		87CE4D702C17AEF700A3CF63 /* Poppins-SemiBold.ttf */ = {isa = PBXFileReference; lastKnownFileType = file; path = "Poppins-SemiBold.ttf"; sourceTree = "<group>"; };
		87CE4D762C17AEF700A3CF63 /* Roboto-Regular.ttf */ = {isa = PBXFileReference; lastKnownFileType = file; path = "Roboto-Regular.ttf"; sourceTree = "<group>"; };
		87CE4DB72C17B40C00A3CF63 /* FontUtils.swift */ = {isa = PBXFileReference; lastKnownFileType = sourcecode.swift; path = FontUtils.swift; sourceTree = "<group>"; };
		87CE4DB92C17C2BD00A3CF63 /* AppNavigationController.swift */ = {isa = PBXFileReference; lastKnownFileType = sourcecode.swift; path = AppNavigationController.swift; sourceTree = "<group>"; };
		87CE4DBC2C190BE400A3CF63 /* NewRouteViewController.swift */ = {isa = PBXFileReference; lastKnownFileType = sourcecode.swift; path = NewRouteViewController.swift; sourceTree = "<group>"; };
		87CE4DBE2C190C9B00A3CF63 /* TripDetailsViewController.swift */ = {isa = PBXFileReference; lastKnownFileType = sourcecode.swift; path = TripDetailsViewController.swift; sourceTree = "<group>"; };
		87CE4DC02C190CFE00A3CF63 /* HistoryViewController.swift */ = {isa = PBXFileReference; lastKnownFileType = sourcecode.swift; path = HistoryViewController.swift; sourceTree = "<group>"; };
		87CE4DC22C190D0B00A3CF63 /* AboutAppViewController.swift */ = {isa = PBXFileReference; lastKnownFileType = sourcecode.swift; path = AboutAppViewController.swift; sourceTree = "<group>"; };
		87CE4DC52C190D7000A3CF63 /* MainTabbarController.swift */ = {isa = PBXFileReference; lastKnownFileType = sourcecode.swift; path = MainTabbarController.swift; sourceTree = "<group>"; };
		87CE4DC72C19170B00A3CF63 /* LinkTableViewCell.swift */ = {isa = PBXFileReference; lastKnownFileType = sourcecode.swift; path = LinkTableViewCell.swift; sourceTree = "<group>"; };
		87CE4DC92C19191000A3CF63 /* TripModel.swift */ = {isa = PBXFileReference; lastKnownFileType = sourcecode.swift; path = TripModel.swift; sourceTree = "<group>"; };
		87CE4DCE2C191E1000A3CF63 /* NewRouteViewModel.swift */ = {isa = PBXFileReference; lastKnownFileType = sourcecode.swift; path = NewRouteViewModel.swift; sourceTree = "<group>"; };
		87CE4DD02C1A50A400A3CF63 /* BaseCoordinator.swift */ = {isa = PBXFileReference; lastKnownFileType = sourcecode.swift; path = BaseCoordinator.swift; sourceTree = "<group>"; };
		87CE4DD22C1A50F400A3CF63 /* NewRouteCoordinator.swift */ = {isa = PBXFileReference; lastKnownFileType = sourcecode.swift; path = NewRouteCoordinator.swift; sourceTree = "<group>"; };
		87CE4DD42C1A6B7E00A3CF63 /* TripDetailCardCell.swift */ = {isa = PBXFileReference; lastKnownFileType = sourcecode.swift; path = TripDetailCardCell.swift; sourceTree = "<group>"; };
		87CE4DD62C1A6BCB00A3CF63 /* TripDetailsCoordinator.swift */ = {isa = PBXFileReference; lastKnownFileType = sourcecode.swift; path = TripDetailsCoordinator.swift; sourceTree = "<group>"; };
		87CE4DD82C1A6CFF00A3CF63 /* TripDetailsViewModel.swift */ = {isa = PBXFileReference; lastKnownFileType = sourcecode.swift; path = TripDetailsViewModel.swift; sourceTree = "<group>"; };
		87CE4DDA2C1A892300A3CF63 /* Info.plist */ = {isa = PBXFileReference; fileEncoding = 4; lastKnownFileType = text.plist.xml; path = Info.plist; sourceTree = "<group>"; };
/* End PBXFileReference section */

/* Begin PBXFrameworksBuildPhase section */
		87CE4CE42C110F6A00A3CF63 /* Frameworks */ = {
			isa = PBXFrameworksBuildPhase;
			buildActionMask = 2147483647;
			files = (
			);
			runOnlyForDeploymentPostprocessing = 0;
		};
		87CE4CFD2C110F6C00A3CF63 /* Frameworks */ = {
			isa = PBXFrameworksBuildPhase;
			buildActionMask = 2147483647;
			files = (
			);
			runOnlyForDeploymentPostprocessing = 0;
		};
		87CE4D072C110F6C00A3CF63 /* Frameworks */ = {
			isa = PBXFrameworksBuildPhase;
			buildActionMask = 2147483647;
			files = (
			);
			runOnlyForDeploymentPostprocessing = 0;
		};
/* End PBXFrameworksBuildPhase section */

/* Begin PBXGroup section */
		87635E6D2C1E77C0000FA354 /* CoreData */ = {
			isa = PBXGroup;
			children = (
				87635EB02C1E86A6000FA354 /* TripEntity+CoreDataClass.swift */,
				87635EB12C1E86A6000FA354 /* TripEntity+CoreDataProperties.swift */,
				87635EC62C1E8DC6000FA354 /* TravelDetailsEntity+CoreDataClass.swift */,
				87635EC72C1E8DC6000FA354 /* TravelDetailsEntity+CoreDataProperties.swift */,
				87635EB22C1E86A6000FA354 /* RouteEntity+CoreDataClass.swift */,
				87635EB32C1E86A6000FA354 /* RouteEntity+CoreDataProperties.swift */,
				87635EAE2C1E86A6000FA354 /* LatLongEntity+CoreDataClass.swift */,
				87635EAF2C1E86A6000FA354 /* LatLongEntity+CoreDataProperties.swift */,
				87635EAA2C1E86A6000FA354 /* StepEntity+CoreDataClass.swift */,
				87635EAB2C1E86A6000FA354 /* StepEntity+CoreDataProperties.swift */,
			);
			path = CoreData;
			sourceTree = "<group>";
		};
		87635ECC2C1EA6BC000FA354 /* Leg Details */ = {
			isa = PBXGroup;
			children = (
				87635ED12C1EAA8C000FA354 /* LegDetailsCoordinator.swift */,
				87635ECD2C1EA6D6000FA354 /* LegDetailsViewController.swift */,
				87635ECF2C1EA7C4000FA354 /* LegDetailsViewModel.swift */,
			);
			path = "Leg Details";
			sourceTree = "<group>";
		};
		87CE4CDE2C110F6A00A3CF63 = {
			isa = PBXGroup;
			children = (
				87CE4CE92C110F6A00A3CF63 /* MyRoadTrip */,
				87CE4D032C110F6C00A3CF63 /* MyRoadTripTests */,
				87CE4D0D2C110F6C00A3CF63 /* MyRoadTripUITests */,
				87CE4CE82C110F6A00A3CF63 /* Products */,
			);
			sourceTree = "<group>";
		};
		87CE4CE82C110F6A00A3CF63 /* Products */ = {
			isa = PBXGroup;
			children = (
				87CE4CE72C110F6A00A3CF63 /* MyRoadTrip.app */,
				87CE4D002C110F6C00A3CF63 /* MyRoadTripTests.xctest */,
				87CE4D0A2C110F6C00A3CF63 /* MyRoadTripUITests.xctest */,
			);
			name = Products;
			sourceTree = "<group>";
		};
		87CE4CE92C110F6A00A3CF63 /* MyRoadTrip */ = {
			isa = PBXGroup;
			children = (
				87CE4DDA2C1A892300A3CF63 /* Info.plist */,
				87CE4D312C15CF3F00A3CF63 /* Application */,
				87CE4D392C17A60C00A3CF63 /* Features */,
				87CE4CEE2C110F6A00A3CF63 /* ViewController.swift */,
				87CE4CF02C110F6A00A3CF63 /* Main.storyboard */,
				87CE4CF32C110F6A00A3CF63 /* MyRoadTrip.xcdatamodeld */,
			);
			path = MyRoadTrip;
			sourceTree = "<group>";
		};
		87CE4D032C110F6C00A3CF63 /* MyRoadTripTests */ = {
			isa = PBXGroup;
			children = (
				87CE4D042C110F6C00A3CF63 /* MyRoadTripTests.swift */,
			);
			path = MyRoadTripTests;
			sourceTree = "<group>";
		};
		87CE4D0D2C110F6C00A3CF63 /* MyRoadTripUITests */ = {
			isa = PBXGroup;
			children = (
				87CE4D0E2C110F6C00A3CF63 /* MyRoadTripUITests.swift */,
				87CE4D102C110F6C00A3CF63 /* MyRoadTripUITestsLaunchTests.swift */,
			);
			path = MyRoadTripUITests;
			sourceTree = "<group>";
		};
		87CE4D1D2C110FB100A3CF63 /* Services */ = {
			isa = PBXGroup;
			children = (
				87CE4D202C11198E00A3CF63 /* OpenAIServices.swift */,
				87CE4D2F2C151BCA00A3CF63 /* GoogleRoutesServices.swift */,
				87CE4D352C164D1C00A3CF63 /* GooglePlacesServices.swift */,
			);
			path = Services;
			sourceTree = "<group>";
		};
		87CE4D312C15CF3F00A3CF63 /* Application */ = {
			isa = PBXGroup;
			children = (
				87CE4D422C17AA4800A3CF63 /* Utils */,
				87CE4D3A2C17A64600A3CF63 /* Resources */,
			);
			path = Application;
			sourceTree = "<group>";
		};
		87CE4D392C17A60C00A3CF63 /* Features */ = {
			isa = PBXGroup;
			children = (
				87635E6D2C1E77C0000FA354 /* CoreData */,
				87CE4DC42C190D5600A3CF63 /* Main */,
				87CE4D3B2C17A66B00A3CF63 /* Onboarding */,
			);
			path = Features;
			sourceTree = "<group>";
		};
		87CE4D3A2C17A64600A3CF63 /* Resources */ = {
			isa = PBXGroup;
			children = (
				87CE4D452C17AECD00A3CF63 /* Assets */,
				87CE4CF82C110F6C00A3CF63 /* LaunchScreen.storyboard */,
				87CE4DB92C17C2BD00A3CF63 /* AppNavigationController.swift */,
				87CE4CEA2C110F6A00A3CF63 /* AppDelegate.swift */,
				87635ECA2C1E9339000FA354 /* CoreDataStack.swift */,
				87CE4CEC2C110F6A00A3CF63 /* SceneDelegate.swift */,
				87CE4D372C165AD300A3CF63 /* client_903324826609-pf3h5v2u958ge1ltthl2qjv0tf2779ko.apps.googleusercontent.com.plist */,
			);
			path = Resources;
			sourceTree = "<group>";
		};
		87CE4D3B2C17A66B00A3CF63 /* Onboarding */ = {
			isa = PBXGroup;
			children = (
				87CE4D3E2C17A77B00A3CF63 /* WellcomeViewController.swift */,
			);
			path = Onboarding;
			sourceTree = "<group>";
		};
		87CE4D3C2C17A67800A3CF63 /* NewRoute */ = {
			isa = PBXGroup;
			children = (
				87CE4DCB2C19191900A3CF63 /* CreateRoute */,
			);
			path = NewRoute;
			sourceTree = "<group>";
		};
		87CE4D3D2C17A68200A3CF63 /* History */ = {
			isa = PBXGroup;
			children = (
				87CE4DC02C190CFE00A3CF63 /* HistoryViewController.swift */,
			);
			path = History;
			sourceTree = "<group>";
		};
		87CE4D422C17AA4800A3CF63 /* Utils */ = {
			isa = PBXGroup;
			children = (
				87CE4D402C17A7BF00A3CF63 /* Atoms.swift */,
				87CE4D322C15CF5800A3CF63 /* StringUtils.swift */,
				87CE4D432C17AA5800A3CF63 /* UIColorUtils.swift */,
				87CE4DB72C17B40C00A3CF63 /* FontUtils.swift */,
				87CE4DD02C1A50A400A3CF63 /* BaseCoordinator.swift */,
			);
			path = Utils;
			sourceTree = "<group>";
		};
		87CE4D452C17AECD00A3CF63 /* Assets */ = {
			isa = PBXGroup;
			children = (
				87CE4D462C17AEDE00A3CF63 /* Fonts */,
				87CE4CF62C110F6C00A3CF63 /* Assets.xcassets */,
			);
			path = Assets;
			sourceTree = "<group>";
		};
		87CE4D462C17AEDE00A3CF63 /* Fonts */ = {
			isa = PBXGroup;
			children = (
				87CE4D522C17AEF700A3CF63 /* Montserrat-Bold.ttf */,
				87CE4D702C17AEF700A3CF63 /* Poppins-SemiBold.ttf */,
				87CE4D762C17AEF700A3CF63 /* Roboto-Regular.ttf */,
			);
			path = Fonts;
			sourceTree = "<group>";
		};
		87CE4DBB2C190AA800A3CF63 /* About */ = {
			isa = PBXGroup;
			children = (
				87CE4DC22C190D0B00A3CF63 /* AboutAppViewController.swift */,
				87CE4DC72C19170B00A3CF63 /* LinkTableViewCell.swift */,
			);
			path = About;
			sourceTree = "<group>";
		};
		87CE4DC42C190D5600A3CF63 /* Main */ = {
			isa = PBXGroup;
			children = (
				87CE4DC52C190D7000A3CF63 /* MainTabbarController.swift */,
				87CE4DCC2C19197200A3CF63 /* TripDetails */,
				87CE4D3C2C17A67800A3CF63 /* NewRoute */,
				87CE4D3D2C17A68200A3CF63 /* History */,
				87CE4DBB2C190AA800A3CF63 /* About */,
			);
			path = Main;
			sourceTree = "<group>";
		};
		87CE4DCB2C19191900A3CF63 /* CreateRoute */ = {
			isa = PBXGroup;
			children = (
				87CE4DD22C1A50F400A3CF63 /* NewRouteCoordinator.swift */,
				87CE4DBC2C190BE400A3CF63 /* NewRouteViewController.swift */,
				87CE4DCE2C191E1000A3CF63 /* NewRouteViewModel.swift */,
				87CE4D1D2C110FB100A3CF63 /* Services */,
			);
			path = CreateRoute;
			sourceTree = "<group>";
		};
		87CE4DCC2C19197200A3CF63 /* TripDetails */ = {
			isa = PBXGroup;
			children = (
				87CE4DCD2C191B2500A3CF63 /* Models */,
				87CE4DD62C1A6BCB00A3CF63 /* TripDetailsCoordinator.swift */,
				87CE4DBE2C190C9B00A3CF63 /* TripDetailsViewController.swift */,
				87CE4DD42C1A6B7E00A3CF63 /* TripDetailCardCell.swift */,
				87CE4DD82C1A6CFF00A3CF63 /* TripDetailsViewModel.swift */,
				87635ECC2C1EA6BC000FA354 /* Leg Details */,
			);
			path = TripDetails;
			sourceTree = "<group>";
		};
		87CE4DCD2C191B2500A3CF63 /* Models */ = {
			isa = PBXGroup;
			children = (
				87CE4DC92C19191000A3CF63 /* TripModel.swift */,
				87635EC02C1E8BD2000FA354 /* TripModel+CoreData.swift */,
			);
			path = Models;
			sourceTree = "<group>";
		};
/* End PBXGroup section */

/* Begin PBXNativeTarget section */
		87CE4CE62C110F6A00A3CF63 /* MyRoadTrip */ = {
			isa = PBXNativeTarget;
			buildConfigurationList = 87CE4D142C110F6C00A3CF63 /* Build configuration list for PBXNativeTarget "MyRoadTrip" */;
			buildPhases = (
				87CE4CE32C110F6A00A3CF63 /* Sources */,
				87CE4CE42C110F6A00A3CF63 /* Frameworks */,
				87CE4CE52C110F6A00A3CF63 /* Resources */,
			);
			buildRules = (
			);
			dependencies = (
			);
			name = MyRoadTrip;
			productName = MyRoadTrip;
			productReference = 87CE4CE72C110F6A00A3CF63 /* MyRoadTrip.app */;
			productType = "com.apple.product-type.application";
		};
		87CE4CFF2C110F6C00A3CF63 /* MyRoadTripTests */ = {
			isa = PBXNativeTarget;
			buildConfigurationList = 87CE4D172C110F6C00A3CF63 /* Build configuration list for PBXNativeTarget "MyRoadTripTests" */;
			buildPhases = (
				87CE4CFC2C110F6C00A3CF63 /* Sources */,
				87CE4CFD2C110F6C00A3CF63 /* Frameworks */,
				87CE4CFE2C110F6C00A3CF63 /* Resources */,
			);
			buildRules = (
			);
			dependencies = (
				87CE4D022C110F6C00A3CF63 /* PBXTargetDependency */,
			);
			name = MyRoadTripTests;
			productName = MyRoadTripTests;
			productReference = 87CE4D002C110F6C00A3CF63 /* MyRoadTripTests.xctest */;
			productType = "com.apple.product-type.bundle.unit-test";
		};
		87CE4D092C110F6C00A3CF63 /* MyRoadTripUITests */ = {
			isa = PBXNativeTarget;
			buildConfigurationList = 87CE4D1A2C110F6C00A3CF63 /* Build configuration list for PBXNativeTarget "MyRoadTripUITests" */;
			buildPhases = (
				87CE4D062C110F6C00A3CF63 /* Sources */,
				87CE4D072C110F6C00A3CF63 /* Frameworks */,
				87CE4D082C110F6C00A3CF63 /* Resources */,
			);
			buildRules = (
			);
			dependencies = (
				87CE4D0C2C110F6C00A3CF63 /* PBXTargetDependency */,
			);
			name = MyRoadTripUITests;
			productName = MyRoadTripUITests;
			productReference = 87CE4D0A2C110F6C00A3CF63 /* MyRoadTripUITests.xctest */;
			productType = "com.apple.product-type.bundle.ui-testing";
		};
/* End PBXNativeTarget section */

/* Begin PBXProject section */
		87CE4CDF2C110F6A00A3CF63 /* Project object */ = {
			isa = PBXProject;
			attributes = {
				BuildIndependentTargetsInParallel = 1;
				LastSwiftUpdateCheck = 1520;
				LastUpgradeCheck = 1520;
				TargetAttributes = {
					87CE4CE62C110F6A00A3CF63 = {
						CreatedOnToolsVersion = 15.2;
					};
					87CE4CFF2C110F6C00A3CF63 = {
						CreatedOnToolsVersion = 15.2;
						TestTargetID = 87CE4CE62C110F6A00A3CF63;
					};
					87CE4D092C110F6C00A3CF63 = {
						CreatedOnToolsVersion = 15.2;
						TestTargetID = 87CE4CE62C110F6A00A3CF63;
					};
				};
			};
			buildConfigurationList = 87CE4CE22C110F6A00A3CF63 /* Build configuration list for PBXProject "MyRoadTrip" */;
			compatibilityVersion = "Xcode 14.0";
			developmentRegion = en;
			hasScannedForEncodings = 0;
			knownRegions = (
				en,
				Base,
			);
			mainGroup = 87CE4CDE2C110F6A00A3CF63;
			productRefGroup = 87CE4CE82C110F6A00A3CF63 /* Products */;
			projectDirPath = "";
			projectRoot = "";
			targets = (
				87CE4CE62C110F6A00A3CF63 /* MyRoadTrip */,
				87CE4CFF2C110F6C00A3CF63 /* MyRoadTripTests */,
				87CE4D092C110F6C00A3CF63 /* MyRoadTripUITests */,
			);
		};
/* End PBXProject section */

/* Begin PBXResourcesBuildPhase section */
		87CE4CE52C110F6A00A3CF63 /* Resources */ = {
			isa = PBXResourcesBuildPhase;
			buildActionMask = 2147483647;
			files = (
				87CE4D382C165AD300A3CF63 /* client_903324826609-pf3h5v2u958ge1ltthl2qjv0tf2779ko.apps.googleusercontent.com.plist in Resources */,
				87CE4D8A2C17AEF700A3CF63 /* Montserrat-Bold.ttf in Resources */,
				87CE4DAC2C17AEF700A3CF63 /* Roboto-Regular.ttf in Resources */,
				87CE4CFA2C110F6C00A3CF63 /* LaunchScreen.storyboard in Resources */,
				87CE4CF72C110F6C00A3CF63 /* Assets.xcassets in Resources */,
				87CE4CF22C110F6A00A3CF63 /* Main.storyboard in Resources */,
				87CE4DA72C17AEF700A3CF63 /* Poppins-SemiBold.ttf in Resources */,
			);
			runOnlyForDeploymentPostprocessing = 0;
		};
		87CE4CFE2C110F6C00A3CF63 /* Resources */ = {
			isa = PBXResourcesBuildPhase;
			buildActionMask = 2147483647;
			files = (
			);
			runOnlyForDeploymentPostprocessing = 0;
		};
		87CE4D082C110F6C00A3CF63 /* Resources */ = {
			isa = PBXResourcesBuildPhase;
			buildActionMask = 2147483647;
			files = (
			);
			runOnlyForDeploymentPostprocessing = 0;
		};
/* End PBXResourcesBuildPhase section */

/* Begin PBXSourcesBuildPhase section */
		87CE4CE32C110F6A00A3CF63 /* Sources */ = {
			isa = PBXSourcesBuildPhase;
			buildActionMask = 2147483647;
			files = (
				87CE4DC32C190D0B00A3CF63 /* AboutAppViewController.swift in Sources */,
				87CE4D302C151BCA00A3CF63 /* GoogleRoutesServices.swift in Sources */,
				87635EB52C1E86A6000FA354 /* StepEntity+CoreDataProperties.swift in Sources */,
				87CE4DD72C1A6BCB00A3CF63 /* TripDetailsCoordinator.swift in Sources */,
				87635EB42C1E86A6000FA354 /* StepEntity+CoreDataClass.swift in Sources */,
				87CE4CEF2C110F6A00A3CF63 /* ViewController.swift in Sources */,
				87CE4DCA2C19191000A3CF63 /* TripModel.swift in Sources */,
				87635EC82C1E8DC6000FA354 /* TravelDetailsEntity+CoreDataClass.swift in Sources */,
				87635EBC2C1E86A6000FA354 /* RouteEntity+CoreDataClass.swift in Sources */,
				87635EBD2C1E86A6000FA354 /* RouteEntity+CoreDataProperties.swift in Sources */,
				87CE4CEB2C110F6A00A3CF63 /* AppDelegate.swift in Sources */,
				87635ED02C1EA7C4000FA354 /* LegDetailsViewModel.swift in Sources */,
				87635EB92C1E86A6000FA354 /* LatLongEntity+CoreDataProperties.swift in Sources */,
				87635EC12C1E8BD2000FA354 /* TripModel+CoreData.swift in Sources */,
				87CE4CF52C110F6A00A3CF63 /* MyRoadTrip.xcdatamodeld in Sources */,
				87CE4D412C17A7BF00A3CF63 /* Atoms.swift in Sources */,
				87CE4D332C15CF5800A3CF63 /* StringUtils.swift in Sources */,
				87CE4DD32C1A50F400A3CF63 /* NewRouteCoordinator.swift in Sources */,
				87635ED22C1EAA8C000FA354 /* LegDetailsCoordinator.swift in Sources */,
				87CE4D362C164D1C00A3CF63 /* GooglePlacesServices.swift in Sources */,
				87CE4DD12C1A50A400A3CF63 /* BaseCoordinator.swift in Sources */,
				87CE4DC12C190CFE00A3CF63 /* HistoryViewController.swift in Sources */,
				87CE4CED2C110F6A00A3CF63 /* SceneDelegate.swift in Sources */,
				87CE4DD92C1A6CFF00A3CF63 /* TripDetailsViewModel.swift in Sources */,
				87CE4DBF2C190C9B00A3CF63 /* TripDetailsViewController.swift in Sources */,
				87CE4DC82C19170B00A3CF63 /* LinkTableViewCell.swift in Sources */,
				87635ECE2C1EA6D6000FA354 /* LegDetailsViewController.swift in Sources */,
				87635EC92C1E8DC6000FA354 /* TravelDetailsEntity+CoreDataProperties.swift in Sources */,
				87CE4DD52C1A6B7E00A3CF63 /* TripDetailCardCell.swift in Sources */,
				87CE4D442C17AA5800A3CF63 /* UIColorUtils.swift in Sources */,
				87635ECB2C1E9339000FA354 /* CoreDataStack.swift in Sources */,
				87CE4D3F2C17A77B00A3CF63 /* WellcomeViewController.swift in Sources */,
				87CE4DCF2C191E1000A3CF63 /* NewRouteViewModel.swift in Sources */,
				87635EB82C1E86A6000FA354 /* LatLongEntity+CoreDataClass.swift in Sources */,
				87CE4DB82C17B40C00A3CF63 /* FontUtils.swift in Sources */,
				87CE4DC62C190D7000A3CF63 /* MainTabbarController.swift in Sources */,
				87CE4DBA2C17C2BD00A3CF63 /* AppNavigationController.swift in Sources */,
				87CE4D212C11198E00A3CF63 /* OpenAIServices.swift in Sources */,
				87635EBB2C1E86A6000FA354 /* TripEntity+CoreDataProperties.swift in Sources */,
				87CE4DBD2C190BE400A3CF63 /* NewRouteViewController.swift in Sources */,
				87635EBA2C1E86A6000FA354 /* TripEntity+CoreDataClass.swift in Sources */,
			);
			runOnlyForDeploymentPostprocessing = 0;
		};
		87CE4CFC2C110F6C00A3CF63 /* Sources */ = {
			isa = PBXSourcesBuildPhase;
			buildActionMask = 2147483647;
			files = (
				87CE4D052C110F6C00A3CF63 /* MyRoadTripTests.swift in Sources */,
			);
			runOnlyForDeploymentPostprocessing = 0;
		};
		87CE4D062C110F6C00A3CF63 /* Sources */ = {
			isa = PBXSourcesBuildPhase;
			buildActionMask = 2147483647;
			files = (
				87CE4D0F2C110F6C00A3CF63 /* MyRoadTripUITests.swift in Sources */,
				87CE4D112C110F6C00A3CF63 /* MyRoadTripUITestsLaunchTests.swift in Sources */,
			);
			runOnlyForDeploymentPostprocessing = 0;
		};
/* End PBXSourcesBuildPhase section */

/* Begin PBXTargetDependency section */
		87CE4D022C110F6C00A3CF63 /* PBXTargetDependency */ = {
			isa = PBXTargetDependency;
			target = 87CE4CE62C110F6A00A3CF63 /* MyRoadTrip */;
			targetProxy = 87CE4D012C110F6C00A3CF63 /* PBXContainerItemProxy */;
		};
		87CE4D0C2C110F6C00A3CF63 /* PBXTargetDependency */ = {
			isa = PBXTargetDependency;
			target = 87CE4CE62C110F6A00A3CF63 /* MyRoadTrip */;
			targetProxy = 87CE4D0B2C110F6C00A3CF63 /* PBXContainerItemProxy */;
		};
/* End PBXTargetDependency section */

/* Begin PBXVariantGroup section */
		87CE4CF02C110F6A00A3CF63 /* Main.storyboard */ = {
			isa = PBXVariantGroup;
			children = (
				87CE4CF12C110F6A00A3CF63 /* Base */,
			);
			name = Main.storyboard;
			sourceTree = "<group>";
		};
		87CE4CF82C110F6C00A3CF63 /* LaunchScreen.storyboard */ = {
			isa = PBXVariantGroup;
			children = (
				87CE4CF92C110F6C00A3CF63 /* Base */,
			);
			name = LaunchScreen.storyboard;
			sourceTree = "<group>";
		};
/* End PBXVariantGroup section */

/* Begin XCBuildConfiguration section */
		87CE4D122C110F6C00A3CF63 /* Debug */ = {
			isa = XCBuildConfiguration;
			buildSettings = {
				ALWAYS_SEARCH_USER_PATHS = NO;
				ASSETCATALOG_COMPILER_GENERATE_SWIFT_ASSET_SYMBOL_EXTENSIONS = YES;
				CLANG_ANALYZER_NONNULL = YES;
				CLANG_ANALYZER_NUMBER_OBJECT_CONVERSION = YES_AGGRESSIVE;
				CLANG_CXX_LANGUAGE_STANDARD = "gnu++20";
				CLANG_ENABLE_MODULES = YES;
				CLANG_ENABLE_OBJC_ARC = YES;
				CLANG_ENABLE_OBJC_WEAK = YES;
				CLANG_WARN_BLOCK_CAPTURE_AUTORELEASING = YES;
				CLANG_WARN_BOOL_CONVERSION = YES;
				CLANG_WARN_COMMA = YES;
				CLANG_WARN_CONSTANT_CONVERSION = YES;
				CLANG_WARN_DEPRECATED_OBJC_IMPLEMENTATIONS = YES;
				CLANG_WARN_DIRECT_OBJC_ISA_USAGE = YES_ERROR;
				CLANG_WARN_DOCUMENTATION_COMMENTS = YES;
				CLANG_WARN_EMPTY_BODY = YES;
				CLANG_WARN_ENUM_CONVERSION = YES;
				CLANG_WARN_INFINITE_RECURSION = YES;
				CLANG_WARN_INT_CONVERSION = YES;
				CLANG_WARN_NON_LITERAL_NULL_CONVERSION = YES;
				CLANG_WARN_OBJC_IMPLICIT_RETAIN_SELF = YES;
				CLANG_WARN_OBJC_LITERAL_CONVERSION = YES;
				CLANG_WARN_OBJC_ROOT_CLASS = YES_ERROR;
				CLANG_WARN_QUOTED_INCLUDE_IN_FRAMEWORK_HEADER = YES;
				CLANG_WARN_RANGE_LOOP_ANALYSIS = YES;
				CLANG_WARN_STRICT_PROTOTYPES = YES;
				CLANG_WARN_SUSPICIOUS_MOVE = YES;
				CLANG_WARN_UNGUARDED_AVAILABILITY = YES_AGGRESSIVE;
				CLANG_WARN_UNREACHABLE_CODE = YES;
				CLANG_WARN__DUPLICATE_METHOD_MATCH = YES;
				COPY_PHASE_STRIP = NO;
				DEBUG_INFORMATION_FORMAT = dwarf;
				ENABLE_STRICT_OBJC_MSGSEND = YES;
				ENABLE_TESTABILITY = YES;
				ENABLE_USER_SCRIPT_SANDBOXING = YES;
				GCC_C_LANGUAGE_STANDARD = gnu17;
				GCC_DYNAMIC_NO_PIC = NO;
				GCC_NO_COMMON_BLOCKS = YES;
				GCC_OPTIMIZATION_LEVEL = 0;
				GCC_PREPROCESSOR_DEFINITIONS = (
					"DEBUG=1",
					"$(inherited)",
				);
				GCC_WARN_64_TO_32_BIT_CONVERSION = YES;
				GCC_WARN_ABOUT_RETURN_TYPE = YES_ERROR;
				GCC_WARN_UNDECLARED_SELECTOR = YES;
				GCC_WARN_UNINITIALIZED_AUTOS = YES_AGGRESSIVE;
				GCC_WARN_UNUSED_FUNCTION = YES;
				GCC_WARN_UNUSED_VARIABLE = YES;
				IPHONEOS_DEPLOYMENT_TARGET = 17.2;
				LOCALIZATION_PREFERS_STRING_CATALOGS = YES;
				MTL_ENABLE_DEBUG_INFO = INCLUDE_SOURCE;
				MTL_FAST_MATH = YES;
				ONLY_ACTIVE_ARCH = YES;
				SDKROOT = iphoneos;
				SWIFT_ACTIVE_COMPILATION_CONDITIONS = "DEBUG $(inherited)";
				SWIFT_OPTIMIZATION_LEVEL = "-Onone";
			};
			name = Debug;
		};
		87CE4D132C110F6C00A3CF63 /* Release */ = {
			isa = XCBuildConfiguration;
			buildSettings = {
				ALWAYS_SEARCH_USER_PATHS = NO;
				ASSETCATALOG_COMPILER_GENERATE_SWIFT_ASSET_SYMBOL_EXTENSIONS = YES;
				CLANG_ANALYZER_NONNULL = YES;
				CLANG_ANALYZER_NUMBER_OBJECT_CONVERSION = YES_AGGRESSIVE;
				CLANG_CXX_LANGUAGE_STANDARD = "gnu++20";
				CLANG_ENABLE_MODULES = YES;
				CLANG_ENABLE_OBJC_ARC = YES;
				CLANG_ENABLE_OBJC_WEAK = YES;
				CLANG_WARN_BLOCK_CAPTURE_AUTORELEASING = YES;
				CLANG_WARN_BOOL_CONVERSION = YES;
				CLANG_WARN_COMMA = YES;
				CLANG_WARN_CONSTANT_CONVERSION = YES;
				CLANG_WARN_DEPRECATED_OBJC_IMPLEMENTATIONS = YES;
				CLANG_WARN_DIRECT_OBJC_ISA_USAGE = YES_ERROR;
				CLANG_WARN_DOCUMENTATION_COMMENTS = YES;
				CLANG_WARN_EMPTY_BODY = YES;
				CLANG_WARN_ENUM_CONVERSION = YES;
				CLANG_WARN_INFINITE_RECURSION = YES;
				CLANG_WARN_INT_CONVERSION = YES;
				CLANG_WARN_NON_LITERAL_NULL_CONVERSION = YES;
				CLANG_WARN_OBJC_IMPLICIT_RETAIN_SELF = YES;
				CLANG_WARN_OBJC_LITERAL_CONVERSION = YES;
				CLANG_WARN_OBJC_ROOT_CLASS = YES_ERROR;
				CLANG_WARN_QUOTED_INCLUDE_IN_FRAMEWORK_HEADER = YES;
				CLANG_WARN_RANGE_LOOP_ANALYSIS = YES;
				CLANG_WARN_STRICT_PROTOTYPES = YES;
				CLANG_WARN_SUSPICIOUS_MOVE = YES;
				CLANG_WARN_UNGUARDED_AVAILABILITY = YES_AGGRESSIVE;
				CLANG_WARN_UNREACHABLE_CODE = YES;
				CLANG_WARN__DUPLICATE_METHOD_MATCH = YES;
				COPY_PHASE_STRIP = NO;
				DEBUG_INFORMATION_FORMAT = "dwarf-with-dsym";
				ENABLE_NS_ASSERTIONS = NO;
				ENABLE_STRICT_OBJC_MSGSEND = YES;
				ENABLE_USER_SCRIPT_SANDBOXING = YES;
				GCC_C_LANGUAGE_STANDARD = gnu17;
				GCC_NO_COMMON_BLOCKS = YES;
				GCC_WARN_64_TO_32_BIT_CONVERSION = YES;
				GCC_WARN_ABOUT_RETURN_TYPE = YES_ERROR;
				GCC_WARN_UNDECLARED_SELECTOR = YES;
				GCC_WARN_UNINITIALIZED_AUTOS = YES_AGGRESSIVE;
				GCC_WARN_UNUSED_FUNCTION = YES;
				GCC_WARN_UNUSED_VARIABLE = YES;
				IPHONEOS_DEPLOYMENT_TARGET = 17.2;
				LOCALIZATION_PREFERS_STRING_CATALOGS = YES;
				MTL_ENABLE_DEBUG_INFO = NO;
				MTL_FAST_MATH = YES;
				SDKROOT = iphoneos;
				SWIFT_COMPILATION_MODE = wholemodule;
				VALIDATE_PRODUCT = YES;
			};
			name = Release;
		};
		87CE4D152C110F6C00A3CF63 /* Debug */ = {
			isa = XCBuildConfiguration;
			buildSettings = {
				ASSETCATALOG_COMPILER_APPICON_NAME = AppIcon;
				ASSETCATALOG_COMPILER_GLOBAL_ACCENT_COLOR_NAME = AccentColor;
				CODE_SIGN_STYLE = Automatic;
				CURRENT_PROJECT_VERSION = 1;
				DEVELOPMENT_TEAM = QJ9A548ZRS;
				GENERATE_INFOPLIST_FILE = YES;
				INFOPLIST_FILE = MyRoadTrip/Info.plist;
				INFOPLIST_KEY_CFBundleDisplayName = PathFinder;
				INFOPLIST_KEY_LSApplicationCategoryType = "public.app-category.travel";
				INFOPLIST_KEY_UIApplicationSupportsIndirectInputEvents = YES;
				INFOPLIST_KEY_UILaunchStoryboardName = LaunchScreen;
				INFOPLIST_KEY_UIMainStoryboardFile = Main;
				INFOPLIST_KEY_UISupportedInterfaceOrientations = UIInterfaceOrientationPortrait;
				LD_RUNPATH_SEARCH_PATHS = (
					"$(inherited)",
					"@executable_path/Frameworks",
				);
				MARKETING_VERSION = 1.0;
				PRODUCT_BUNDLE_IDENTIFIER = br.com.andrelca.MyRoadTrip;
				PRODUCT_NAME = "$(TARGET_NAME)";
				SUPPORTED_PLATFORMS = "iphoneos iphonesimulator";
				SUPPORTS_MACCATALYST = NO;
				SUPPORTS_MAC_DESIGNED_FOR_IPHONE_IPAD = NO;
				SUPPORTS_XR_DESIGNED_FOR_IPHONE_IPAD = NO;
				SWIFT_EMIT_LOC_STRINGS = YES;
				SWIFT_VERSION = 5.0;
				TARGETED_DEVICE_FAMILY = 1;
			};
			name = Debug;
		};
		87CE4D162C110F6C00A3CF63 /* Release */ = {
			isa = XCBuildConfiguration;
			buildSettings = {
				ASSETCATALOG_COMPILER_APPICON_NAME = AppIcon;
				ASSETCATALOG_COMPILER_GLOBAL_ACCENT_COLOR_NAME = AccentColor;
				CODE_SIGN_STYLE = Automatic;
				CURRENT_PROJECT_VERSION = 1;
				DEVELOPMENT_TEAM = QJ9A548ZRS;
				GENERATE_INFOPLIST_FILE = YES;
				INFOPLIST_FILE = MyRoadTrip/Info.plist;
				INFOPLIST_KEY_CFBundleDisplayName = PathFinder;
				INFOPLIST_KEY_LSApplicationCategoryType = "public.app-category.travel";
				INFOPLIST_KEY_UIApplicationSupportsIndirectInputEvents = YES;
				INFOPLIST_KEY_UILaunchStoryboardName = LaunchScreen;
				INFOPLIST_KEY_UIMainStoryboardFile = Main;
				INFOPLIST_KEY_UISupportedInterfaceOrientations = UIInterfaceOrientationPortrait;
				LD_RUNPATH_SEARCH_PATHS = (
					"$(inherited)",
					"@executable_path/Frameworks",
				);
				MARKETING_VERSION = 1.0;
				PRODUCT_BUNDLE_IDENTIFIER = br.com.andrelca.MyRoadTrip;
				PRODUCT_NAME = "$(TARGET_NAME)";
				SUPPORTED_PLATFORMS = "iphoneos iphonesimulator";
				SUPPORTS_MACCATALYST = NO;
				SUPPORTS_MAC_DESIGNED_FOR_IPHONE_IPAD = NO;
				SUPPORTS_XR_DESIGNED_FOR_IPHONE_IPAD = NO;
				SWIFT_EMIT_LOC_STRINGS = YES;
				SWIFT_VERSION = 5.0;
				TARGETED_DEVICE_FAMILY = 1;
			};
			name = Release;
		};
		87CE4D182C110F6C00A3CF63 /* Debug */ = {
			isa = XCBuildConfiguration;
			buildSettings = {
				ALWAYS_EMBED_SWIFT_STANDARD_LIBRARIES = YES;
				BUNDLE_LOADER = "$(TEST_HOST)";
				CODE_SIGN_STYLE = Automatic;
				CURRENT_PROJECT_VERSION = 1;
				DEVELOPMENT_TEAM = QJ9A548ZRS;
				GENERATE_INFOPLIST_FILE = YES;
				IPHONEOS_DEPLOYMENT_TARGET = 17.2;
				MARKETING_VERSION = 1.0;
				PRODUCT_BUNDLE_IDENTIFIER = br.com.andrelca.MyRoadTripTests;
				PRODUCT_NAME = "$(TARGET_NAME)";
				SWIFT_EMIT_LOC_STRINGS = NO;
				SWIFT_VERSION = 5.0;
				TARGETED_DEVICE_FAMILY = "1,2";
				TEST_HOST = "$(BUILT_PRODUCTS_DIR)/MyRoadTrip.app/$(BUNDLE_EXECUTABLE_FOLDER_PATH)/MyRoadTrip";
			};
			name = Debug;
		};
		87CE4D192C110F6C00A3CF63 /* Release */ = {
			isa = XCBuildConfiguration;
			buildSettings = {
				ALWAYS_EMBED_SWIFT_STANDARD_LIBRARIES = YES;
				BUNDLE_LOADER = "$(TEST_HOST)";
				CODE_SIGN_STYLE = Automatic;
				CURRENT_PROJECT_VERSION = 1;
				DEVELOPMENT_TEAM = QJ9A548ZRS;
				GENERATE_INFOPLIST_FILE = YES;
				IPHONEOS_DEPLOYMENT_TARGET = 17.2;
				MARKETING_VERSION = 1.0;
				PRODUCT_BUNDLE_IDENTIFIER = br.com.andrelca.MyRoadTripTests;
				PRODUCT_NAME = "$(TARGET_NAME)";
				SWIFT_EMIT_LOC_STRINGS = NO;
				SWIFT_VERSION = 5.0;
				TARGETED_DEVICE_FAMILY = "1,2";
				TEST_HOST = "$(BUILT_PRODUCTS_DIR)/MyRoadTrip.app/$(BUNDLE_EXECUTABLE_FOLDER_PATH)/MyRoadTrip";
			};
			name = Release;
		};
		87CE4D1B2C110F6C00A3CF63 /* Debug */ = {
			isa = XCBuildConfiguration;
			buildSettings = {
				ALWAYS_EMBED_SWIFT_STANDARD_LIBRARIES = YES;
				CODE_SIGN_STYLE = Automatic;
				CURRENT_PROJECT_VERSION = 1;
				DEVELOPMENT_TEAM = QJ9A548ZRS;
				GENERATE_INFOPLIST_FILE = YES;
				MARKETING_VERSION = 1.0;
				PRODUCT_BUNDLE_IDENTIFIER = br.com.andrelca.MyRoadTripUITests;
				PRODUCT_NAME = "$(TARGET_NAME)";
				SWIFT_EMIT_LOC_STRINGS = NO;
				SWIFT_VERSION = 5.0;
				TARGETED_DEVICE_FAMILY = "1,2";
				TEST_TARGET_NAME = MyRoadTrip;
			};
			name = Debug;
		};
		87CE4D1C2C110F6C00A3CF63 /* Release */ = {
			isa = XCBuildConfiguration;
			buildSettings = {
				ALWAYS_EMBED_SWIFT_STANDARD_LIBRARIES = YES;
				CODE_SIGN_STYLE = Automatic;
				CURRENT_PROJECT_VERSION = 1;
				DEVELOPMENT_TEAM = QJ9A548ZRS;
				GENERATE_INFOPLIST_FILE = YES;
				MARKETING_VERSION = 1.0;
				PRODUCT_BUNDLE_IDENTIFIER = br.com.andrelca.MyRoadTripUITests;
				PRODUCT_NAME = "$(TARGET_NAME)";
				SWIFT_EMIT_LOC_STRINGS = NO;
				SWIFT_VERSION = 5.0;
				TARGETED_DEVICE_FAMILY = "1,2";
				TEST_TARGET_NAME = MyRoadTrip;
			};
			name = Release;
		};
/* End XCBuildConfiguration section */

/* Begin XCConfigurationList section */
		87CE4CE22C110F6A00A3CF63 /* Build configuration list for PBXProject "MyRoadTrip" */ = {
			isa = XCConfigurationList;
			buildConfigurations = (
				87CE4D122C110F6C00A3CF63 /* Debug */,
				87CE4D132C110F6C00A3CF63 /* Release */,
			);
			defaultConfigurationIsVisible = 0;
			defaultConfigurationName = Release;
		};
		87CE4D142C110F6C00A3CF63 /* Build configuration list for PBXNativeTarget "MyRoadTrip" */ = {
			isa = XCConfigurationList;
			buildConfigurations = (
				87CE4D152C110F6C00A3CF63 /* Debug */,
				87CE4D162C110F6C00A3CF63 /* Release */,
			);
			defaultConfigurationIsVisible = 0;
			defaultConfigurationName = Release;
		};
		87CE4D172C110F6C00A3CF63 /* Build configuration list for PBXNativeTarget "MyRoadTripTests" */ = {
			isa = XCConfigurationList;
			buildConfigurations = (
				87CE4D182C110F6C00A3CF63 /* Debug */,
				87CE4D192C110F6C00A3CF63 /* Release */,
			);
			defaultConfigurationIsVisible = 0;
			defaultConfigurationName = Release;
		};
		87CE4D1A2C110F6C00A3CF63 /* Build configuration list for PBXNativeTarget "MyRoadTripUITests" */ = {
			isa = XCConfigurationList;
			buildConfigurations = (
				87CE4D1B2C110F6C00A3CF63 /* Debug */,
				87CE4D1C2C110F6C00A3CF63 /* Release */,
			);
			defaultConfigurationIsVisible = 0;
			defaultConfigurationName = Release;
		};
/* End XCConfigurationList section */

/* Begin XCVersionGroup section */
		87CE4CF32C110F6A00A3CF63 /* MyRoadTrip.xcdatamodeld */ = {
			isa = XCVersionGroup;
			children = (
				87CE4CF42C110F6A00A3CF63 /* MyRoadTrip.xcdatamodel */,
			);
			currentVersion = 87CE4CF42C110F6A00A3CF63 /* MyRoadTrip.xcdatamodel */;
			path = MyRoadTrip.xcdatamodeld;
			sourceTree = "<group>";
			versionGroupType = wrapper.xcdatamodel;
		};
/* End XCVersionGroup section */
	};
	rootObject = 87CE4CDF2C110F6A00A3CF63 /* Project object */;
}
